
Microsoft Visual Studio Solution File, Format Version 12.00
# Visual Studio Version 16
VisualStudioVersion = 16.0.31911.196
MinimumVisualStudioVersion = 10.0.40219.1
Project("{FAE04EC0-301F-11D3-BF4B-00C04F79EFBC}") = "ByteBank.Forum", "ByteBank.Forum\ByteBank.Forum.csproj", "{33DA36F3-B3C6-480E-874B-020A2D9B156E}"
EndProject
Global
	GlobalSection(SolutionConfigurationPlatforms) = preSolution
		Debug|Any CPU = Debug|Any CPU
		Release|Any CPU = Release|Any CPU
	EndGlobalSection
	GlobalSection(ProjectConfigurationPlatforms) = postSolution
		{33DA36F3-B3C6-480E-874B-020A2D9B156E}.Debug|Any CPU.ActiveCfg = Debug|Any CPU
		{33DA36F3-B3C6-480E-874B-020A2D9B156E}.Debug|Any CPU.Build.0 = Debug|Any CPU
		{33DA36F3-B3C6-480E-874B-020A2D9B156E}.Release|Any CPU.ActiveCfg = Release|Any CPU
		{33DA36F3-B3C6-480E-874B-020A2D9B156E}.Release|Any CPU.Build.0 = Release|Any CPU
	EndGlobalSection
	GlobalSection(SolutionProperties) = preSolution
		HideSolutionNode = FALSE
	EndGlobalSection
	GlobalSection(ExtensibilityGlobals) = postSolution
		SolutionGuid = {9A9F1192-B869-43D8-806A-D42592D5C7B8}
	EndGlobalSection
EndGlobal
